
Microsoft Visual Studio Solution File, Format Version 12.00
# Visual Studio Version 17
VisualStudioVersion = 17.7.34221.43
MinimumVisualStudioVersion = 10.0.40219.1
Project("{FAE04EC0-301F-11D3-BF4B-00C04F79EFBC}") = "yazlab10", "yazlab10\yazlab10.csproj", "{91D9CDED-5A76-42CB-8540-6609CB797EEF}"
EndProject
Global
	GlobalSection(SolutionConfigurationPlatforms) = preSolution
		Debug|Any CPU = Debug|Any CPU
		Release|Any CPU = Release|Any CPU
	EndGlobalSection
	GlobalSection(ProjectConfigurationPlatforms) = postSolution
		{91D9CDED-5A76-42CB-8540-6609CB797EEF}.Debug|Any CPU.ActiveCfg = Debug|Any CPU
		{91D9CDED-5A76-42CB-8540-6609CB797EEF}.Debug|Any CPU.Build.0 = Debug|Any CPU
		{91D9CDED-5A76-42CB-8540-6609CB797EEF}.Release|Any CPU.ActiveCfg = Release|Any CPU
		{91D9CDED-5A76-42CB-8540-6609CB797EEF}.Release|Any CPU.Build.0 = Release|Any CPU
	EndGlobalSection
	GlobalSection(SolutionProperties) = preSolution
		HideSolutionNode = FALSE
	EndGlobalSection
	GlobalSection(ExtensibilityGlobals) = postSolution
		SolutionGuid = {3BF407D5-DEC0-4374-89F0-710534EAEBA8}
	EndGlobalSection
EndGlobal
